
Microsoft Visual Studio Solution File, Format Version 12.00
# Visual Studio Version 16
VisualStudioVersion = 16.0.30011.22
MinimumVisualStudioVersion = 10.0.40219.1
Project("{FAE04EC0-301F-11D3-BF4B-00C04F79EFBC}") = "ConsoleApp1", "ConsoleApp1\ConsoleApp1.csproj", "{3A57A08F-D3AC-44FB-8BE7-F4D16E69AE0B}"
EndProject
Global
	GlobalSection(SolutionConfigurationPlatforms) = preSolution
		Debug|Any CPU = Debug|Any CPU
		Release|Any CPU = Release|Any CPU
	EndGlobalSection
	GlobalSection(ProjectConfigurationPlatforms) = postSolution
		{3A57A08F-D3AC-44FB-8BE7-F4D16E69AE0B}.Debug|Any CPU.ActiveCfg = Debug|Any CPU
		{3A57A08F-D3AC-44FB-8BE7-F4D16E69AE0B}.Debug|Any CPU.Build.0 = Debug|Any CPU
		{3A57A08F-D3AC-44FB-8BE7-F4D16E69AE0B}.Release|Any CPU.ActiveCfg = Release|Any CPU
		{3A57A08F-D3AC-44FB-8BE7-F4D16E69AE0B}.Release|Any CPU.Build.0 = Release|Any CPU
	EndGlobalSection
	GlobalSection(SolutionProperties) = preSolution
		HideSolutionNode = FALSE
	EndGlobalSection
	GlobalSection(ExtensibilityGlobals) = postSolution
		SolutionGuid = {E2084040-2403-484B-A652-ACBF35CECEFB}
	EndGlobalSection
EndGlobal
